
Microsoft Visual Studio Solution File, Format Version 12.00
# Visual Studio 15
VisualStudioVersion = 15.0.26430.15
MinimumVisualStudioVersion = 10.0.40219.1
Project("{FAE04EC0-301F-11D3-BF4B-00C04F79EFBC}") = "Synthesis.GuestService", "Synthesis.GuestService\Synthesis.GuestService.csproj", "{DFE8E290-7DDF-11E7-94DF-514C0EE90711}"
	ProjectSection(ProjectDependencies) = postProject
		{DFE8E291-7DDF-11E7-94DF-514C0EE90711} = {DFE8E291-7DDF-11E7-94DF-514C0EE90711}
	EndProjectSection
EndProject
Project("{FAE04EC0-301F-11D3-BF4B-00C04F79EFBC}") = "Synthesis.GuestService.Modules", "Synthesis.GuestService.Modules\Synthesis.GuestService.Modules.csproj", "{DFE8E291-7DDF-11E7-94DF-514C0EE90711}"
EndProject
Project("{FAE04EC0-301F-11D3-BF4B-00C04F79EFBC}") = "Synthesis.GuestService.Modules.Test", "Synthesis.GuestService.Modules.Test\Synthesis.GuestService.Modules.Test.csproj", "{DFE8E292-7DDF-11E7-94DF-514C0EE90711}"
	ProjectSection(ProjectDependencies) = postProject
		{DFE8E291-7DDF-11E7-94DF-514C0EE90711} = {DFE8E291-7DDF-11E7-94DF-514C0EE90711}
	EndProjectSection
EndProject
Project("{A07B5EB6-E848-4116-A8D0-A826331D98C6}") = "Synthesis.GuestServiceApplication", "Synthesis.GuestServiceApplication\Synthesis.GuestServiceApplication.sfproj", "{DFE8E293-7DDF-11E7-94DF-514C0EE90711}"
EndProject
Global
	GlobalSection(SolutionConfigurationPlatforms) = preSolution
		Debug|Any CPU = Debug|Any CPU
		Debug|x64 = Debug|x64
		Release|Any CPU = Release|Any CPU
		Release|x64 = Release|x64
	EndGlobalSection
	GlobalSection(ProjectConfigurationPlatforms) = postSolution
		{DFE8E290-7DDF-11E7-94DF-514C0EE90711}.Debug|Any CPU.ActiveCfg = Debug|x64
		{DFE8E290-7DDF-11E7-94DF-514C0EE90711}.Debug|x64.ActiveCfg = Debug|x64
		{DFE8E290-7DDF-11E7-94DF-514C0EE90711}.Debug|x64.Build.0 = Debug|x64
		{DFE8E290-7DDF-11E7-94DF-514C0EE90711}.Release|Any CPU.ActiveCfg = Release|x64
		{DFE8E290-7DDF-11E7-94DF-514C0EE90711}.Release|x64.ActiveCfg = Release|x64
		{DFE8E290-7DDF-11E7-94DF-514C0EE90711}.Release|x64.Build.0 = Release|x64
		{DFE8E291-7DDF-11E7-94DF-514C0EE90711}.Debug|Any CPU.ActiveCfg = Debug|Any CPU
		{DFE8E291-7DDF-11E7-94DF-514C0EE90711}.Debug|Any CPU.Build.0 = Debug|Any CPU
		{DFE8E291-7DDF-11E7-94DF-514C0EE90711}.Debug|x64.ActiveCfg = Debug|Any CPU
		{DFE8E291-7DDF-11E7-94DF-514C0EE90711}.Debug|x64.Build.0 = Debug|Any CPU
		{DFE8E291-7DDF-11E7-94DF-514C0EE90711}.Release|Any CPU.ActiveCfg = Release|Any CPU
		{DFE8E291-7DDF-11E7-94DF-514C0EE90711}.Release|Any CPU.Build.0 = Release|Any CPU
		{DFE8E291-7DDF-11E7-94DF-514C0EE90711}.Release|x64.ActiveCfg = Release|Any CPU
		{DFE8E291-7DDF-11E7-94DF-514C0EE90711}.Release|x64.Build.0 = Release|Any CPU
		{DFE8E292-7DDF-11E7-94DF-514C0EE90711}.Debug|Any CPU.ActiveCfg = Debug|Any CPU
		{DFE8E292-7DDF-11E7-94DF-514C0EE90711}.Debug|Any CPU.Build.0 = Debug|Any CPU
		{DFE8E292-7DDF-11E7-94DF-514C0EE90711}.Debug|x64.ActiveCfg = Debug|Any CPU
		{DFE8E292-7DDF-11E7-94DF-514C0EE90711}.Debug|x64.Build.0 = Debug|Any CPU
		{DFE8E292-7DDF-11E7-94DF-514C0EE90711}.Release|Any CPU.ActiveCfg = Release|Any CPU
		{DFE8E292-7DDF-11E7-94DF-514C0EE90711}.Release|Any CPU.Build.0 = Release|Any CPU
		{DFE8E292-7DDF-11E7-94DF-514C0EE90711}.Release|x64.ActiveCfg = Release|Any CPU
		{DFE8E292-7DDF-11E7-94DF-514C0EE90711}.Release|x64.Build.0 = Release|Any CPU
		{DFE8E293-7DDF-11E7-94DF-514C0EE90711}.Debug|Any CPU.ActiveCfg = Debug|x64
		{DFE8E293-7DDF-11E7-94DF-514C0EE90711}.Debug|x64.ActiveCfg = Debug|x64
		{DFE8E293-7DDF-11E7-94DF-514C0EE90711}.Debug|x64.Build.0 = Debug|x64
		{DFE8E293-7DDF-11E7-94DF-514C0EE90711}.Debug|x64.Deploy.0 = Debug|x64
		{DFE8E293-7DDF-11E7-94DF-514C0EE90711}.Release|Any CPU.ActiveCfg = Release|x64
		{DFE8E293-7DDF-11E7-94DF-514C0EE90711}.Release|x64.ActiveCfg = Release|x64
		{DFE8E293-7DDF-11E7-94DF-514C0EE90711}.Release|x64.Build.0 = Release|x64
		{DFE8E293-7DDF-11E7-94DF-514C0EE90711}.Release|x64.Deploy.0 = Release|x64
	EndGlobalSection
	GlobalSection(SolutionProperties) = preSolution
		HideSolutionNode = FALSE
	EndGlobalSection
EndGlobal
