
Microsoft Visual Studio Solution File, Format Version 12.00
# Visual Studio 15
VisualStudioVersion = 15.0.26124.0
MinimumVisualStudioVersion = 15.0.26124.0
Project("{FAE04EC0-301F-11D3-BF4B-00C04F79EFBC}") = "Synthesis.Guest", "Synthesis.Guest\Synthesis.Guest.csproj", "{B5088C16-4302-49D2-AABC-7CEEAD0CFF62}"
EndProject
Project("{FAE04EC0-301F-11D3-BF4B-00C04F79EFBC}") = "Synthesis.Guest.Modules", "Synthesis.Guest.Modules\Synthesis.Guest.Modules.csproj", "{8A5BC26A-4425-4113-8B9A-543E208F3BD0}"
EndProject
Project("{FAE04EC0-301F-11D3-BF4B-00C04F79EFBC}") = "Synthesis.Guest.Modules.Test", "Synthesis.Guest.Modules.Test\Synthesis.Guest.Modules.Test.csproj", "{B7087087-16F4-46C8-8263-A42F0FF664E5}"
EndProject
Global
	GlobalSection(SolutionConfigurationPlatforms) = preSolution
		Debug|Any CPU = Debug|Any CPU
		Debug|x64 = Debug|x64
		Debug|x86 = Debug|x86
		Release|Any CPU = Release|Any CPU
		Release|x64 = Release|x64
		Release|x86 = Release|x86
	EndGlobalSection
	GlobalSection(SolutionProperties) = preSolution
		HideSolutionNode = FALSE
	EndGlobalSection
	GlobalSection(ProjectConfigurationPlatforms) = postSolution
		{B5088C16-4302-49D2-AABC-7CEEAD0CFF62}.Debug|Any CPU.ActiveCfg = Debug|Any CPU
		{B5088C16-4302-49D2-AABC-7CEEAD0CFF62}.Debug|Any CPU.Build.0 = Debug|Any CPU
		{B5088C16-4302-49D2-AABC-7CEEAD0CFF62}.Debug|x64.ActiveCfg = Debug|Any CPU
		{B5088C16-4302-49D2-AABC-7CEEAD0CFF62}.Debug|x64.Build.0 = Debug|Any CPU
		{B5088C16-4302-49D2-AABC-7CEEAD0CFF62}.Debug|x86.ActiveCfg = Debug|Any CPU
		{B5088C16-4302-49D2-AABC-7CEEAD0CFF62}.Debug|x86.Build.0 = Debug|Any CPU
		{B5088C16-4302-49D2-AABC-7CEEAD0CFF62}.Release|Any CPU.ActiveCfg = Release|Any CPU
		{B5088C16-4302-49D2-AABC-7CEEAD0CFF62}.Release|Any CPU.Build.0 = Release|Any CPU
		{B5088C16-4302-49D2-AABC-7CEEAD0CFF62}.Release|x64.ActiveCfg = Release|Any CPU
		{B5088C16-4302-49D2-AABC-7CEEAD0CFF62}.Release|x64.Build.0 = Release|Any CPU
		{B5088C16-4302-49D2-AABC-7CEEAD0CFF62}.Release|x86.ActiveCfg = Release|Any CPU
		{B5088C16-4302-49D2-AABC-7CEEAD0CFF62}.Release|x86.Build.0 = Release|Any CPU
		{8A5BC26A-4425-4113-8B9A-543E208F3BD0}.Debug|Any CPU.ActiveCfg = Debug|Any CPU
		{8A5BC26A-4425-4113-8B9A-543E208F3BD0}.Debug|Any CPU.Build.0 = Debug|Any CPU
		{8A5BC26A-4425-4113-8B9A-543E208F3BD0}.Debug|x64.ActiveCfg = Debug|Any CPU
		{8A5BC26A-4425-4113-8B9A-543E208F3BD0}.Debug|x64.Build.0 = Debug|Any CPU
		{8A5BC26A-4425-4113-8B9A-543E208F3BD0}.Debug|x86.ActiveCfg = Debug|Any CPU
		{8A5BC26A-4425-4113-8B9A-543E208F3BD0}.Debug|x86.Build.0 = Debug|Any CPU
		{8A5BC26A-4425-4113-8B9A-543E208F3BD0}.Release|Any CPU.ActiveCfg = Release|Any CPU
		{8A5BC26A-4425-4113-8B9A-543E208F3BD0}.Release|Any CPU.Build.0 = Release|Any CPU
		{8A5BC26A-4425-4113-8B9A-543E208F3BD0}.Release|x64.ActiveCfg = Release|Any CPU
		{8A5BC26A-4425-4113-8B9A-543E208F3BD0}.Release|x64.Build.0 = Release|Any CPU
		{8A5BC26A-4425-4113-8B9A-543E208F3BD0}.Release|x86.ActiveCfg = Release|Any CPU
		{8A5BC26A-4425-4113-8B9A-543E208F3BD0}.Release|x86.Build.0 = Release|Any CPU
		{B7087087-16F4-46C8-8263-A42F0FF664E5}.Debug|Any CPU.ActiveCfg = Debug|Any CPU
		{B7087087-16F4-46C8-8263-A42F0FF664E5}.Debug|Any CPU.Build.0 = Debug|Any CPU
		{B7087087-16F4-46C8-8263-A42F0FF664E5}.Debug|x64.ActiveCfg = Debug|Any CPU
		{B7087087-16F4-46C8-8263-A42F0FF664E5}.Debug|x64.Build.0 = Debug|Any CPU
		{B7087087-16F4-46C8-8263-A42F0FF664E5}.Debug|x86.ActiveCfg = Debug|Any CPU
		{B7087087-16F4-46C8-8263-A42F0FF664E5}.Debug|x86.Build.0 = Debug|Any CPU
		{B7087087-16F4-46C8-8263-A42F0FF664E5}.Release|Any CPU.ActiveCfg = Release|Any CPU
		{B7087087-16F4-46C8-8263-A42F0FF664E5}.Release|Any CPU.Build.0 = Release|Any CPU
		{B7087087-16F4-46C8-8263-A42F0FF664E5}.Release|x64.ActiveCfg = Release|Any CPU
		{B7087087-16F4-46C8-8263-A42F0FF664E5}.Release|x64.Build.0 = Release|Any CPU
		{B7087087-16F4-46C8-8263-A42F0FF664E5}.Release|x86.ActiveCfg = Release|Any CPU
		{B7087087-16F4-46C8-8263-A42F0FF664E5}.Release|x86.Build.0 = Release|Any CPU
	EndGlobalSection
EndGlobal
